// !$*UTF8*$!
{
	archiveVersion = 1;
	classes = {
	};
	objectVersion = 46;
	objects = {

/* Begin PBXBuildFile section */
		DD73D0061F5A66F500B545E2 /* AppDelegate.swift in Sources */ = {isa = PBXBuildFile; fileRef = DD73D0051F5A66F500B545E2 /* AppDelegate.swift */; };
		DD73D0081F5A66F500B545E2 /* ViewController.swift in Sources */ = {isa = PBXBuildFile; fileRef = DD73D0071F5A66F500B545E2 /* ViewController.swift */; };
		DD73D00B1F5A66F500B545E2 /* Main.storyboard in Resources */ = {isa = PBXBuildFile; fileRef = DD73D0091F5A66F500B545E2 /* Main.storyboard */; };
		DD73D00E1F5A66F500B545E2 /* Guess_The_Number.xcdatamodeld in Sources */ = {isa = PBXBuildFile; fileRef = DD73D00C1F5A66F500B545E2 /* Guess_The_Number.xcdatamodeld */; };
		DD73D0101F5A66F500B545E2 /* Assets.xcassets in Resources */ = {isa = PBXBuildFile; fileRef = DD73D00F1F5A66F500B545E2 /* Assets.xcassets */; };
		DD73D0131F5A66F500B545E2 /* LaunchScreen.storyboard in Resources */ = {isa = PBXBuildFile; fileRef = DD73D0111F5A66F500B545E2 /* LaunchScreen.storyboard */; };
		DD73D01E1F5A66F500B545E2 /* Guess_The_NumberTests.swift in Sources */ = {isa = PBXBuildFile; fileRef = DD73D01D1F5A66F500B545E2 /* Guess_The_NumberTests.swift */; };
		DD73D0291F5A66F500B545E2 /* Guess_The_NumberUITests.swift in Sources */ = {isa = PBXBuildFile; fileRef = DD73D0281F5A66F500B545E2 /* Guess_The_NumberUITests.swift */; };
/* End PBXBuildFile section */

/* Begin PBXContainerItemProxy section */
		DD73D01A1F5A66F500B545E2 /* PBXContainerItemProxy */ = {
			isa = PBXContainerItemProxy;
			containerPortal = DD73CFFA1F5A66F500B545E2 /* Project object */;
			proxyType = 1;
			remoteGlobalIDString = DD73D0011F5A66F500B545E2;
			remoteInfo = "Guess The Number";
		};
		DD73D0251F5A66F500B545E2 /* PBXContainerItemProxy */ = {
			isa = PBXContainerItemProxy;
			containerPortal = DD73CFFA1F5A66F500B545E2 /* Project object */;
			proxyType = 1;
			remoteGlobalIDString = DD73D0011F5A66F500B545E2;
			remoteInfo = "Guess The Number";
		};
/* End PBXContainerItemProxy section */

/* Begin PBXFileReference section */
		DD73D0021F5A66F500B545E2 /* Guess The Number.app */ = {isa = PBXFileReference; explicitFileType = wrapper.application; includeInIndex = 0; path = "Guess The Number.app"; sourceTree = BUILT_PRODUCTS_DIR; };
		DD73D0051F5A66F500B545E2 /* AppDelegate.swift */ = {isa = PBXFileReference; lastKnownFileType = sourcecode.swift; path = AppDelegate.swift; sourceTree = "<group>"; };
		DD73D0071F5A66F500B545E2 /* ViewController.swift */ = {isa = PBXFileReference; lastKnownFileType = sourcecode.swift; path = ViewController.swift; sourceTree = "<group>"; };
		DD73D00A1F5A66F500B545E2 /* Base */ = {isa = PBXFileReference; lastKnownFileType = file.storyboard; name = Base; path = Base.lproj/Main.storyboard; sourceTree = "<group>"; };
		DD73D00D1F5A66F500B545E2 /* Guess_The_Number.xcdatamodel */ = {isa = PBXFileReference; lastKnownFileType = wrapper.xcdatamodel; path = Guess_The_Number.xcdatamodel; sourceTree = "<group>"; };
		DD73D00F1F5A66F500B545E2 /* Assets.xcassets */ = {isa = PBXFileReference; lastKnownFileType = folder.assetcatalog; path = Assets.xcassets; sourceTree = "<group>"; };
		DD73D0121F5A66F500B545E2 /* Base */ = {isa = PBXFileReference; lastKnownFileType = file.storyboard; name = Base; path = Base.lproj/LaunchScreen.storyboard; sourceTree = "<group>"; };
		DD73D0141F5A66F500B545E2 /* Info.plist */ = {isa = PBXFileReference; lastKnownFileType = text.plist.xml; path = Info.plist; sourceTree = "<group>"; };
		DD73D0191F5A66F500B545E2 /* Guess The NumberTests.xctest */ = {isa = PBXFileReference; explicitFileType = wrapper.cfbundle; includeInIndex = 0; path = "Guess The NumberTests.xctest"; sourceTree = BUILT_PRODUCTS_DIR; };
		DD73D01D1F5A66F500B545E2 /* Guess_The_NumberTests.swift */ = {isa = PBXFileReference; lastKnownFileType = sourcecode.swift; path = Guess_The_NumberTests.swift; sourceTree = "<group>"; };
		DD73D01F1F5A66F500B545E2 /* Info.plist */ = {isa = PBXFileReference; lastKnownFileType = text.plist.xml; path = Info.plist; sourceTree = "<group>"; };
		DD73D0241F5A66F500B545E2 /* Guess The NumberUITests.xctest */ = {isa = PBXFileReference; explicitFileType = wrapper.cfbundle; includeInIndex = 0; path = "Guess The NumberUITests.xctest"; sourceTree = BUILT_PRODUCTS_DIR; };
		DD73D0281F5A66F500B545E2 /* Guess_The_NumberUITests.swift */ = {isa = PBXFileReference; lastKnownFileType = sourcecode.swift; path = Guess_The_NumberUITests.swift; sourceTree = "<group>"; };
		DD73D02A1F5A66F500B545E2 /* Info.plist */ = {isa = PBXFileReference; lastKnownFileType = text.plist.xml; path = Info.plist; sourceTree = "<group>"; };
/* End PBXFileReference section */

/* Begin PBXFrameworksBuildPhase section */
		DD73CFFF1F5A66F500B545E2 /* Frameworks */ = {
			isa = PBXFrameworksBuildPhase;
			buildActionMask = 2147483647;
			files = (
			);
			runOnlyForDeploymentPostprocessing = 0;
		};
		DD73D0161F5A66F500B545E2 /* Frameworks */ = {
			isa = PBXFrameworksBuildPhase;
			buildActionMask = 2147483647;
			files = (
			);
			runOnlyForDeploymentPostprocessing = 0;
		};
		DD73D0211F5A66F500B545E2 /* Frameworks */ = {
			isa = PBXFrameworksBuildPhase;
			buildActionMask = 2147483647;
			files = (
			);
			runOnlyForDeploymentPostprocessing = 0;
		};
/* End PBXFrameworksBuildPhase section */

/* Begin PBXGroup section */
		DD73CFF91F5A66F500B545E2 = {
			isa = PBXGroup;
			children = (
				DD73D0041F5A66F500B545E2 /* Guess The Number */,
				DD73D01C1F5A66F500B545E2 /* Guess The NumberTests */,
				DD73D0271F5A66F500B545E2 /* Guess The NumberUITests */,
				DD73D0031F5A66F500B545E2 /* Products */,
			);
			sourceTree = "<group>";
		};
		DD73D0031F5A66F500B545E2 /* Products */ = {
			isa = PBXGroup;
			children = (
				DD73D0021F5A66F500B545E2 /* Guess The Number.app */,
				DD73D0191F5A66F500B545E2 /* Guess The NumberTests.xctest */,
				DD73D0241F5A66F500B545E2 /* Guess The NumberUITests.xctest */,
			);
			name = Products;
			sourceTree = "<group>";
		};
		DD73D0041F5A66F500B545E2 /* Guess The Number */ = {
			isa = PBXGroup;
			children = (
				DD73D0051F5A66F500B545E2 /* AppDelegate.swift */,
				DD73D0071F5A66F500B545E2 /* ViewController.swift */,
				DD73D0091F5A66F500B545E2 /* Main.storyboard */,
				DD73D00F1F5A66F500B545E2 /* Assets.xcassets */,
				DD73D0111F5A66F500B545E2 /* LaunchScreen.storyboard */,
				DD73D0141F5A66F500B545E2 /* Info.plist */,
				DD73D00C1F5A66F500B545E2 /* Guess_The_Number.xcdatamodeld */,
			);
			path = "Guess The Number";
			sourceTree = "<group>";
		};
		DD73D01C1F5A66F500B545E2 /* Guess The NumberTests */ = {
			isa = PBXGroup;
			children = (
				DD73D01D1F5A66F500B545E2 /* Guess_The_NumberTests.swift */,
				DD73D01F1F5A66F500B545E2 /* Info.plist */,
			);
			path = "Guess The NumberTests";
			sourceTree = "<group>";
		};
		DD73D0271F5A66F500B545E2 /* Guess The NumberUITests */ = {
			isa = PBXGroup;
			children = (
				DD73D0281F5A66F500B545E2 /* Guess_The_NumberUITests.swift */,
				DD73D02A1F5A66F500B545E2 /* Info.plist */,
			);
			path = "Guess The NumberUITests";
			sourceTree = "<group>";
		};
/* End PBXGroup section */

/* Begin PBXNativeTarget section */
		DD73D0011F5A66F500B545E2 /* Guess The Number */ = {
			isa = PBXNativeTarget;
			buildConfigurationList = DD73D02D1F5A66F500B545E2 /* Build configuration list for PBXNativeTarget "Guess The Number" */;
			buildPhases = (
				DD73CFFE1F5A66F500B545E2 /* Sources */,
				DD73CFFF1F5A66F500B545E2 /* Frameworks */,
				DD73D0001F5A66F500B545E2 /* Resources */,
			);
			buildRules = (
			);
			dependencies = (
			);
			name = "Guess The Number";
			productName = "Guess The Number";
			productReference = DD73D0021F5A66F500B545E2 /* Guess The Number.app */;
			productType = "com.apple.product-type.application";
		};
		DD73D0181F5A66F500B545E2 /* Guess The NumberTests */ = {
			isa = PBXNativeTarget;
			buildConfigurationList = DD73D0301F5A66F500B545E2 /* Build configuration list for PBXNativeTarget "Guess The NumberTests" */;
			buildPhases = (
				DD73D0151F5A66F500B545E2 /* Sources */,
				DD73D0161F5A66F500B545E2 /* Frameworks */,
				DD73D0171F5A66F500B545E2 /* Resources */,
			);
			buildRules = (
			);
			dependencies = (
				DD73D01B1F5A66F500B545E2 /* PBXTargetDependency */,
			);
			name = "Guess The NumberTests";
			productName = "Guess The NumberTests";
			productReference = DD73D0191F5A66F500B545E2 /* Guess The NumberTests.xctest */;
			productType = "com.apple.product-type.bundle.unit-test";
		};
		DD73D0231F5A66F500B545E2 /* Guess The NumberUITests */ = {
			isa = PBXNativeTarget;
			buildConfigurationList = DD73D0331F5A66F500B545E2 /* Build configuration list for PBXNativeTarget "Guess The NumberUITests" */;
			buildPhases = (
				DD73D0201F5A66F500B545E2 /* Sources */,
				DD73D0211F5A66F500B545E2 /* Frameworks */,
				DD73D0221F5A66F500B545E2 /* Resources */,
			);
			buildRules = (
			);
			dependencies = (
				DD73D0261F5A66F500B545E2 /* PBXTargetDependency */,
			);
			name = "Guess The NumberUITests";
			productName = "Guess The NumberUITests";
			productReference = DD73D0241F5A66F500B545E2 /* Guess The NumberUITests.xctest */;
			productType = "com.apple.product-type.bundle.ui-testing";
		};
/* End PBXNativeTarget section */

/* Begin PBXProject section */
		DD73CFFA1F5A66F500B545E2 /* Project object */ = {
			isa = PBXProject;
			attributes = {
				LastSwiftUpdateCheck = 0830;
				LastUpgradeCheck = 0830;
				ORGANIZATIONNAME = "Jenna Kohls";
				TargetAttributes = {
					DD73D0011F5A66F500B545E2 = {
						CreatedOnToolsVersion = 8.3.3;
						ProvisioningStyle = Automatic;
					};
					DD73D0181F5A66F500B545E2 = {
						CreatedOnToolsVersion = 8.3.3;
						ProvisioningStyle = Automatic;
						TestTargetID = DD73D0011F5A66F500B545E2;
					};
					DD73D0231F5A66F500B545E2 = {
						CreatedOnToolsVersion = 8.3.3;
						ProvisioningStyle = Automatic;
						TestTargetID = DD73D0011F5A66F500B545E2;
					};
				};
			};
			buildConfigurationList = DD73CFFD1F5A66F500B545E2 /* Build configuration list for PBXProject "Guess The Number" */;
			compatibilityVersion = "Xcode 3.2";
			developmentRegion = English;
			hasScannedForEncodings = 0;
			knownRegions = (
				en,
				Base,
			);
			mainGroup = DD73CFF91F5A66F500B545E2;
			productRefGroup = DD73D0031F5A66F500B545E2 /* Products */;
			projectDirPath = "";
			projectRoot = "";
			targets = (
				DD73D0011F5A66F500B545E2 /* Guess The Number */,
				DD73D0181F5A66F500B545E2 /* Guess The NumberTests */,
				DD73D0231F5A66F500B545E2 /* Guess The NumberUITests */,
			);
		};
/* End PBXProject section */

/* Begin PBXResourcesBuildPhase section */
		DD73D0001F5A66F500B545E2 /* Resources */ = {
			isa = PBXResourcesBuildPhase;
			buildActionMask = 2147483647;
			files = (
				DD73D0131F5A66F500B545E2 /* LaunchScreen.storyboard in Resources */,
				DD73D0101F5A66F500B545E2 /* Assets.xcassets in Resources */,
				DD73D00B1F5A66F500B545E2 /* Main.storyboard in Resources */,
			);
			runOnlyForDeploymentPostprocessing = 0;
		};
		DD73D0171F5A66F500B545E2 /* Resources */ = {
			isa = PBXResourcesBuildPhase;
			buildActionMask = 2147483647;
			files = (
			);
			runOnlyForDeploymentPostprocessing = 0;
		};
		DD73D0221F5A66F500B545E2 /* Resources */ = {
			isa = PBXResourcesBuildPhase;
			buildActionMask = 2147483647;
			files = (
			);
			runOnlyForDeploymentPostprocessing = 0;
		};
/* End PBXResourcesBuildPhase section */

/* Begin PBXSourcesBuildPhase section */
		DD73CFFE1F5A66F500B545E2 /* Sources */ = {
			isa = PBXSourcesBuildPhase;
			buildActionMask = 2147483647;
			files = (
				DD73D00E1F5A66F500B545E2 /* Guess_The_Number.xcdatamodeld in Sources */,
				DD73D0081F5A66F500B545E2 /* ViewController.swift in Sources */,
				DD73D0061F5A66F500B545E2 /* AppDelegate.swift in Sources */,
			);
			runOnlyForDeploymentPostprocessing = 0;
		};
		DD73D0151F5A66F500B545E2 /* Sources */ = {
			isa = PBXSourcesBuildPhase;
			buildActionMask = 2147483647;
			files = (
				DD73D01E1F5A66F500B545E2 /* Guess_The_NumberTests.swift in Sources */,
			);
			runOnlyForDeploymentPostprocessing = 0;
		};
		DD73D0201F5A66F500B545E2 /* Sources */ = {
			isa = PBXSourcesBuildPhase;
			buildActionMask = 2147483647;
			files = (
				DD73D0291F5A66F500B545E2 /* Guess_The_NumberUITests.swift in Sources */,
			);
			runOnlyForDeploymentPostprocessing = 0;
		};
/* End PBXSourcesBuildPhase section */

/* Begin PBXTargetDependency section */
		DD73D01B1F5A66F500B545E2 /* PBXTargetDependency */ = {
			isa = PBXTargetDependency;
			target = DD73D0011F5A66F500B545E2 /* Guess The Number */;
			targetProxy = DD73D01A1F5A66F500B545E2 /* PBXContainerItemProxy */;
		};
		DD73D0261F5A66F500B545E2 /* PBXTargetDependency */ = {
			isa = PBXTargetDependency;
			target = DD73D0011F5A66F500B545E2 /* Guess The Number */;
			targetProxy = DD73D0251F5A66F500B545E2 /* PBXContainerItemProxy */;
		};
/* End PBXTargetDependency section */

/* Begin PBXVariantGroup section */
		DD73D0091F5A66F500B545E2 /* Main.storyboard */ = {
			isa = PBXVariantGroup;
			children = (
				DD73D00A1F5A66F500B545E2 /* Base */,
			);
			name = Main.storyboard;
			sourceTree = "<group>";
		};
		DD73D0111F5A66F500B545E2 /* LaunchScreen.storyboard */ = {
			isa = PBXVariantGroup;
			children = (
				DD73D0121F5A66F500B545E2 /* Base */,
			);
			name = LaunchScreen.storyboard;
			sourceTree = "<group>";
		};
/* End PBXVariantGroup section */

/* Begin XCBuildConfiguration section */
		DD73D02B1F5A66F500B545E2 /* Debug */ = {
			isa = XCBuildConfiguration;
			buildSettings = {
				ALWAYS_SEARCH_USER_PATHS = NO;
				CLANG_ANALYZER_NONNULL = YES;
				CLANG_ANALYZER_NUMBER_OBJECT_CONVERSION = YES_AGGRESSIVE;
				CLANG_CXX_LANGUAGE_STANDARD = "gnu++0x";
				CLANG_CXX_LIBRARY = "libc++";
				CLANG_ENABLE_MODULES = YES;
				CLANG_ENABLE_OBJC_ARC = YES;
				CLANG_WARN_BOOL_CONVERSION = YES;
				CLANG_WARN_CONSTANT_CONVERSION = YES;
				CLANG_WARN_DIRECT_OBJC_ISA_USAGE = YES_ERROR;
				CLANG_WARN_DOCUMENTATION_COMMENTS = YES;
				CLANG_WARN_EMPTY_BODY = YES;
				CLANG_WARN_ENUM_CONVERSION = YES;
				CLANG_WARN_INFINITE_RECURSION = YES;
				CLANG_WARN_INT_CONVERSION = YES;
				CLANG_WARN_OBJC_ROOT_CLASS = YES_ERROR;
				CLANG_WARN_SUSPICIOUS_MOVE = YES;
				CLANG_WARN_UNREACHABLE_CODE = YES;
				CLANG_WARN__DUPLICATE_METHOD_MATCH = YES;
				"CODE_SIGN_IDENTITY[sdk=iphoneos*]" = "iPhone Developer";
				COPY_PHASE_STRIP = NO;
				DEBUG_INFORMATION_FORMAT = dwarf;
				ENABLE_STRICT_OBJC_MSGSEND = YES;
				ENABLE_TESTABILITY = YES;
				GCC_C_LANGUAGE_STANDARD = gnu99;
				GCC_DYNAMIC_NO_PIC = NO;
				GCC_NO_COMMON_BLOCKS = YES;
				GCC_OPTIMIZATION_LEVEL = 0;
				GCC_PREPROCESSOR_DEFINITIONS = (
					"DEBUG=1",
					"$(inherited)",
				);
				GCC_WARN_64_TO_32_BIT_CONVERSION = YES;
				GCC_WARN_ABOUT_RETURN_TYPE = YES_ERROR;
				GCC_WARN_UNDECLARED_SELECTOR = YES;
				GCC_WARN_UNINITIALIZED_AUTOS = YES_AGGRESSIVE;
				GCC_WARN_UNUSED_FUNCTION = YES;
				GCC_WARN_UNUSED_VARIABLE = YES;
				IPHONEOS_DEPLOYMENT_TARGET = 10.3;
				MTL_ENABLE_DEBUG_INFO = YES;
				ONLY_ACTIVE_ARCH = YES;
				SDKROOT = iphoneos;
				SWIFT_ACTIVE_COMPILATION_CONDITIONS = DEBUG;
				SWIFT_OPTIMIZATION_LEVEL = "-Onone";
				TARGETED_DEVICE_FAMILY = "1,2";
			};
			name = Debug;
		};
		DD73D02C1F5A66F500B545E2 /* Release */ = {
			isa = XCBuildConfiguration;
			buildSettings = {
				ALWAYS_SEARCH_USER_PATHS = NO;
				CLANG_ANALYZER_NONNULL = YES;
				CLANG_ANALYZER_NUMBER_OBJECT_CONVERSION = YES_AGGRESSIVE;
				CLANG_CXX_LANGUAGE_STANDARD = "gnu++0x";
				CLANG_CXX_LIBRARY = "libc++";
				CLANG_ENABLE_MODULES = YES;
				CLANG_ENABLE_OBJC_ARC = YES;
				CLANG_WARN_BOOL_CONVERSION = YES;
				CLANG_WARN_CONSTANT_CONVERSION = YES;
				CLANG_WARN_DIRECT_OBJC_ISA_USAGE = YES_ERROR;
				CLANG_WARN_DOCUMENTATION_COMMENTS = YES;
				CLANG_WARN_EMPTY_BODY = YES;
				CLANG_WARN_ENUM_CONVERSION = YES;
				CLANG_WARN_INFINITE_RECURSION = YES;
				CLANG_WARN_INT_CONVERSION = YES;
				CLANG_WARN_OBJC_ROOT_CLASS = YES_ERROR;
				CLANG_WARN_SUSPICIOUS_MOVE = YES;
				CLANG_WARN_UNREACHABLE_CODE = YES;
				CLANG_WARN__DUPLICATE_METHOD_MATCH = YES;
				"CODE_SIGN_IDENTITY[sdk=iphoneos*]" = "iPhone Developer";
				COPY_PHASE_STRIP = NO;
				DEBUG_INFORMATION_FORMAT = "dwarf-with-dsym";
				ENABLE_NS_ASSERTIONS = NO;
				ENABLE_STRICT_OBJC_MSGSEND = YES;
				GCC_C_LANGUAGE_STANDARD = gnu99;
				GCC_NO_COMMON_BLOCKS = YES;
				GCC_WARN_64_TO_32_BIT_CONVERSION = YES;
				GCC_WARN_ABOUT_RETURN_TYPE = YES_ERROR;
				GCC_WARN_UNDECLARED_SELECTOR = YES;
				GCC_WARN_UNINITIALIZED_AUTOS = YES_AGGRESSIVE;
				GCC_WARN_UNUSED_FUNCTION = YES;
				GCC_WARN_UNUSED_VARIABLE = YES;
				IPHONEOS_DEPLOYMENT_TARGET = 10.3;
				MTL_ENABLE_DEBUG_INFO = NO;
				SDKROOT = iphoneos;
				SWIFT_OPTIMIZATION_LEVEL = "-Owholemodule";
				TARGETED_DEVICE_FAMILY = "1,2";
				VALIDATE_PRODUCT = YES;
			};
			name = Release;
		};
		DD73D02E1F5A66F500B545E2 /* Debug */ = {
			isa = XCBuildConfiguration;
			buildSettings = {
				ASSETCATALOG_COMPILER_APPICON_NAME = AppIcon;
				INFOPLIST_FILE = "Guess The Number/Info.plist";
				LD_RUNPATH_SEARCH_PATHS = "$(inherited) @executable_path/Frameworks";
				PRODUCT_BUNDLE_IDENTIFIER = "Jenna.Guess-The-Number";
				PRODUCT_NAME = "$(TARGET_NAME)";
				SWIFT_VERSION = 3.0;
			};
			name = Debug;
		};
		DD73D02F1F5A66F500B545E2 /* Release */ = {
			isa = XCBuildConfiguration;
			buildSettings = {
				ASSETCATALOG_COMPILER_APPICON_NAME = AppIcon;
				INFOPLIST_FILE = "Guess The Number/Info.plist";
				LD_RUNPATH_SEARCH_PATHS = "$(inherited) @executable_path/Frameworks";
				PRODUCT_BUNDLE_IDENTIFIER = "Jenna.Guess-The-Number";
				PRODUCT_NAME = "$(TARGET_NAME)";
				SWIFT_VERSION = 3.0;
			};
			name = Release;
		};
		DD73D0311F5A66F500B545E2 /* Debug */ = {
			isa = XCBuildConfiguration;
			buildSettings = {
				ALWAYS_EMBED_SWIFT_STANDARD_LIBRARIES = YES;
				BUNDLE_LOADER = "$(TEST_HOST)";
				INFOPLIST_FILE = "Guess The NumberTests/Info.plist";
				LD_RUNPATH_SEARCH_PATHS = "$(inherited) @executable_path/Frameworks @loader_path/Frameworks";
				PRODUCT_BUNDLE_IDENTIFIER = "Jenna.Guess-The-NumberTests";
				PRODUCT_NAME = "$(TARGET_NAME)";
				SWIFT_VERSION = 3.0;
				TEST_HOST = "$(BUILT_PRODUCTS_DIR)/Guess The Number.app/Guess The Number";
			};
			name = Debug;
		};
		DD73D0321F5A66F500B545E2 /* Release */ = {
			isa = XCBuildConfiguration;
			buildSettings = {
				ALWAYS_EMBED_SWIFT_STANDARD_LIBRARIES = YES;
				BUNDLE_LOADER = "$(TEST_HOST)";
				INFOPLIST_FILE = "Guess The NumberTests/Info.plist";
				LD_RUNPATH_SEARCH_PATHS = "$(inherited) @executable_path/Frameworks @loader_path/Frameworks";
				PRODUCT_BUNDLE_IDENTIFIER = "Jenna.Guess-The-NumberTests";
				PRODUCT_NAME = "$(TARGET_NAME)";
				SWIFT_VERSION = 3.0;
				TEST_HOST = "$(BUILT_PRODUCTS_DIR)/Guess The Number.app/Guess The Number";
			};
			name = Release;
		};
		DD73D0341F5A66F500B545E2 /* Debug */ = {
			isa = XCBuildConfiguration;
			buildSettings = {
				ALWAYS_EMBED_SWIFT_STANDARD_LIBRARIES = YES;
				INFOPLIST_FILE = "Guess The NumberUITests/Info.plist";
				LD_RUNPATH_SEARCH_PATHS = "$(inherited) @executable_path/Frameworks @loader_path/Frameworks";
				PRODUCT_BUNDLE_IDENTIFIER = "Jenna.Guess-The-NumberUITests";
				PRODUCT_NAME = "$(TARGET_NAME)";
				SWIFT_VERSION = 3.0;
				TEST_TARGET_NAME = "Guess The Number";
			};
			name = Debug;
		};
		DD73D0351F5A66F500B545E2 /* Release */ = {
			isa = XCBuildConfiguration;
			buildSettings = {
				ALWAYS_EMBED_SWIFT_STANDARD_LIBRARIES = YES;
				INFOPLIST_FILE = "Guess The NumberUITests/Info.plist";
				LD_RUNPATH_SEARCH_PATHS = "$(inherited) @executable_path/Frameworks @loader_path/Frameworks";
				PRODUCT_BUNDLE_IDENTIFIER = "Jenna.Guess-The-NumberUITests";
				PRODUCT_NAME = "$(TARGET_NAME)";
				SWIFT_VERSION = 3.0;
				TEST_TARGET_NAME = "Guess The Number";
			};
			name = Release;
		};
/* End XCBuildConfiguration section */

/* Begin XCConfigurationList section */
		DD73CFFD1F5A66F500B545E2 /* Build configuration list for PBXProject "Guess The Number" */ = {
			isa = XCConfigurationList;
			buildConfigurations = (
				DD73D02B1F5A66F500B545E2 /* Debug */,
				DD73D02C1F5A66F500B545E2 /* Release */,
			);
			defaultConfigurationIsVisible = 0;
			defaultConfigurationName = Release;
		};
		DD73D02D1F5A66F500B545E2 /* Build configuration list for PBXNativeTarget "Guess The Number" */ = {
			isa = XCConfigurationList;
			buildConfigurations = (
				DD73D02E1F5A66F500B545E2 /* Debug */,
				DD73D02F1F5A66F500B545E2 /* Release */,
			);
			defaultConfigurationIsVisible = 0;
		};
		DD73D0301F5A66F500B545E2 /* Build configuration list for PBXNativeTarget "Guess The NumberTests" */ = {
			isa = XCConfigurationList;
			buildConfigurations = (
				DD73D0311F5A66F500B545E2 /* Debug */,
				DD73D0321F5A66F500B545E2 /* Release */,
			);
			defaultConfigurationIsVisible = 0;
		};
		DD73D0331F5A66F500B545E2 /* Build configuration list for PBXNativeTarget "Guess The NumberUITests" */ = {
			isa = XCConfigurationList;
			buildConfigurations = (
				DD73D0341F5A66F500B545E2 /* Debug */,
				DD73D0351F5A66F500B545E2 /* Release */,
			);
			defaultConfigurationIsVisible = 0;
		};
/* End XCConfigurationList section */

/* Begin XCVersionGroup section */
		DD73D00C1F5A66F500B545E2 /* Guess_The_Number.xcdatamodeld */ = {
			isa = XCVersionGroup;
			children = (
				DD73D00D1F5A66F500B545E2 /* Guess_The_Number.xcdatamodel */,
			);
			currentVersion = DD73D00D1F5A66F500B545E2 /* Guess_The_Number.xcdatamodel */;
			path = Guess_The_Number.xcdatamodeld;
			sourceTree = "<group>";
			versionGroupType = wrapper.xcdatamodel;
		};
/* End XCVersionGroup section */
	};
	rootObject = DD73CFFA1F5A66F500B545E2 /* Project object */;
}
